// !$*UTF8*$!
{
 archiveVersion = 1; classes = {}; objectVersion = 56;
 objects = {
  27596019582395A9D565F645 = { isa = PBXFileReference; lastKnownFileType = sourcecode.swift; path = "ChatNative/ChatNativeApp.swift"; sourceTree = SOURCE_ROOT; };
  D111B4707C576CFB387C319E = { isa = PBXBuildFile; fileRef = 27596019582395A9D565F645; };
  5328D362B24E8B7235399A1A = { isa = PBXFileReference; lastKnownFileType = sourcecode.swift; path = "ChatNative/Core/ChatStore.swift"; sourceTree = SOURCE_ROOT; };
  6048BCDC9EF87A319A2154CA = { isa = PBXBuildFile; fileRef = 5328D362B24E8B7235399A1A; };
  8E879BCC51C925F45D8D502D = { isa = PBXFileReference; lastKnownFileType = sourcecode.swift; path = "ChatNative/Core/Keychain.swift"; sourceTree = SOURCE_ROOT; };
  6320AD15A5250D90B5E5A50E = { isa = PBXBuildFile; fileRef = 8E879BCC51C925F45D8D502D; };
  9846431FD4E1FA84061D79A4 = { isa = PBXFileReference; lastKnownFileType = sourcecode.swift; path = "ChatNative/Core/Models.swift"; sourceTree = SOURCE_ROOT; };
  18D6AAF4C047C7C2386CDB02 = { isa = PBXBuildFile; fileRef = 9846431FD4E1FA84061D79A4; };
  9C5DDAFB3DC0FEA29FF3AE6A = { isa = PBXFileReference; lastKnownFileType = sourcecode.swift; path = "ChatNative/Core/OpenAIClient.swift"; sourceTree = SOURCE_ROOT; };
  D6906E8C10F89B7A729156C4 = { isa = PBXBuildFile; fileRef = 9C5DDAFB3DC0FEA29FF3AE6A; };
  940974E531A63101DBBB5752 = { isa = PBXFileReference; lastKnownFileType = sourcecode.swift; path = "ChatNative/Core/SpeechController.swift"; sourceTree = SOURCE_ROOT; };
  9911F224B9C2874523FC8939 = { isa = PBXBuildFile; fileRef = 940974E531A63101DBBB5752; };
  99B66369208F43C6405716D6 = { isa = PBXFileReference; lastKnownFileType = sourcecode.swift; path = "ChatNative/ReferenceUI/PreviewFixture.swift"; sourceTree = SOURCE_ROOT; };
  1B8F67EF48BC13D5D18D4F37 = { isa = PBXBuildFile; fileRef = 99B66369208F43C6405716D6; };
  3AF6781A78FAADE3D22F45D7 = { isa = PBXFileReference; lastKnownFileType = sourcecode.swift; path = "ChatNative/ReferenceUI/ReferenceMarkdown.swift"; sourceTree = SOURCE_ROOT; };
  8C4B3502BB96C54499F5516E = { isa = PBXBuildFile; fileRef = 3AF6781A78FAADE3D22F45D7; };
  5483FB7DD103087CE303B478 = { isa = PBXFileReference; lastKnownFileType = sourcecode.swift; path = "ChatNative/ReferenceUI/ThinkingDots.swift"; sourceTree = SOURCE_ROOT; };
  D70EE15D17CAE5BF2B93110D = { isa = PBXBuildFile; fileRef = 5483FB7DD103087CE303B478; };
  DE163597616AC1312763B330 = { isa = PBXFileReference; lastKnownFileType = sourcecode.swift; path = "ChatNative/Views/ChatView.swift"; sourceTree = SOURCE_ROOT; };
  B03C05DEC14C3210AFED1EF3 = { isa = PBXBuildFile; fileRef = DE163597616AC1312763B330; };
  0FD7936E01587E004C3FB530 = { isa = PBXFileReference; lastKnownFileType = sourcecode.swift; path = "ChatNative/Views/Components.swift"; sourceTree = SOURCE_ROOT; };
  937935D12F6EF4B5E0FC656C = { isa = PBXBuildFile; fileRef = 0FD7936E01587E004C3FB530; };
  18165D90FFAD4780FE78D30C = { isa = PBXFileReference; lastKnownFileType = sourcecode.swift; path = "ChatNative/Views/ComposerView.swift"; sourceTree = SOURCE_ROOT; };
  490894AB8D1A58ABBB1235FB = { isa = PBXBuildFile; fileRef = 18165D90FFAD4780FE78D30C; };
  3458784F40078796507E19F5 = { isa = PBXFileReference; lastKnownFileType = sourcecode.swift; path = "ChatNative/Views/LiquidGlass.swift"; sourceTree = SOURCE_ROOT; };
  0148B68A6B643701DEDFA8EC = { isa = PBXBuildFile; fileRef = 3458784F40078796507E19F5; };
  DE60FD0296E8748CAF3F0DA3 = { isa = PBXFileReference; lastKnownFileType = sourcecode.swift; path = "ChatNative/Views/MessageView.swift"; sourceTree = SOURCE_ROOT; };
  136948AF73C7AD911FC9BF65 = { isa = PBXBuildFile; fileRef = DE60FD0296E8748CAF3F0DA3; };
  2B70CEBED6B9C218306CB6E4 = { isa = PBXFileReference; lastKnownFileType = sourcecode.swift; path = "ChatNative/Views/ModelPickerView.swift"; sourceTree = SOURCE_ROOT; };
  1F0928B3F83A985B17F10953 = { isa = PBXBuildFile; fileRef = 2B70CEBED6B9C218306CB6E4; };
  7BCCE4C9C10D0295C4DB0E94 = { isa = PBXFileReference; lastKnownFileType = sourcecode.swift; path = "ChatNative/Views/SettingsView.swift"; sourceTree = SOURCE_ROOT; };
  CAE9E0FA4F73C169E22C8EAC = { isa = PBXBuildFile; fileRef = 7BCCE4C9C10D0295C4DB0E94; };
  05F966FCE5F3F0C8F2EA9410 = { isa = PBXFileReference; lastKnownFileType = sourcecode.swift; path = "ChatNative/Views/SidebarView.swift"; sourceTree = SOURCE_ROOT; };
  76173BD1A15F544900AB249B = { isa = PBXBuildFile; fileRef = 05F966FCE5F3F0C8F2EA9410; };
  DBEFD794A1664DE6D6C6FDBC = { isa = PBXFileReference; lastKnownFileType = sourcecode.swift; path = "ChatNative/Views/VoiceView.swift"; sourceTree = SOURCE_ROOT; };
  3324357E090CAE63D8378BB1 = { isa = PBXBuildFile; fileRef = DBEFD794A1664DE6D6C6FDBC; };
  1428A31B475B447FF46B40D1 = { isa = PBXFileReference; lastKnownFileType = sourcecode.swift; path = "ChatNativeTests/APITests.swift"; sourceTree = SOURCE_ROOT; };
  01EE3D4EC9439DB609EBB8AC = { isa = PBXBuildFile; fileRef = 1428A31B475B447FF46B40D1; };
  9FFECC4B0E623BDE9141C97C = { isa = PBXFileReference; lastKnownFileType = folder.assetcatalog; path = "ChatNative/Resources/Assets.xcassets"; sourceTree = SOURCE_ROOT; };
  D9151531035F83F2BF42BD4B = { isa = PBXBuildFile; fileRef = 9FFECC4B0E623BDE9141C97C; };
  42B903BF5AABD1895157113B = { isa = PBXFileReference; lastKnownFileType = text.xml; path = "ChatNative/Resources/PrivacyInfo.xcprivacy"; sourceTree = SOURCE_ROOT; };
  75BF848FE1C5CB159DA71471 = { isa = PBXBuildFile; fileRef = 42B903BF5AABD1895157113B; };
  AAE6D7C2DF084053396DCEFA = { isa = PBXFileReference; lastKnownFileType = text; path = "ChatNative/Resources/ThirdPartyNotices.txt"; sourceTree = SOURCE_ROOT; };
  61ACEFFEF059121747EEC3A0 = { isa = PBXBuildFile; fileRef = AAE6D7C2DF084053396DCEFA; };
  59BD0A3FF43B32849B319E64 = { isa = PBXFileReference; lastKnownFileType = text.plist.xml; path = "ChatNative/Resources/Info.plist"; sourceTree = SOURCE_ROOT; };
  4E783A9E10D2A8ABA38CD11C = { isa = PBXFileReference; explicitFileType = wrapper.application; path = ChatNative.app; sourceTree = BUILT_PRODUCTS_DIR; };
  6C7CCDEB3609F1FAA874E941 = { isa = PBXFileReference; explicitFileType = wrapper.cfbundle; path = ChatNativeTests.xctest; sourceTree = BUILT_PRODUCTS_DIR; };
  FBDC4F23F93125BBEEAE800C = { isa = PBXGroup; children = (4E783A9E10D2A8ABA38CD11C, 6C7CCDEB3609F1FAA874E941,); name = Products; sourceTree = "<group>"; };
  B28B7AF69320201D1CF206EB = { isa = PBXGroup; children = (27596019582395A9D565F645, 5328D362B24E8B7235399A1A, 8E879BCC51C925F45D8D502D, 9846431FD4E1FA84061D79A4, 9C5DDAFB3DC0FEA29FF3AE6A, 940974E531A63101DBBB5752, 99B66369208F43C6405716D6, 3AF6781A78FAADE3D22F45D7, 5483FB7DD103087CE303B478, DE163597616AC1312763B330, 0FD7936E01587E004C3FB530, 18165D90FFAD4780FE78D30C, 3458784F40078796507E19F5, DE60FD0296E8748CAF3F0DA3, 2B70CEBED6B9C218306CB6E4, 7BCCE4C9C10D0295C4DB0E94, 05F966FCE5F3F0C8F2EA9410, DBEFD794A1664DE6D6C6FDBC, 1428A31B475B447FF46B40D1, 9FFECC4B0E623BDE9141C97C, 42B903BF5AABD1895157113B, AAE6D7C2DF084053396DCEFA, 59BD0A3FF43B32849B319E64, FBDC4F23F93125BBEEAE800C,); sourceTree = "<group>"; };
  A18855F53676282E67783320 = { isa = XCRemoteSwiftPackageReference; repositoryURL = "https://github.com/alfianlosari/ChatGPTUI.git"; requirement = { kind = revision; revision = 6092433201dc6a0787240b9252914fc2fe64456b; }; };
  51F152B3E85FEC19801B445B = { isa = XCRemoteSwiftPackageReference; repositoryURL = "https://github.com/apple/swift-markdown.git"; requirement = { kind = upToNextMajorVersion; minimumVersion = 0.4.0; }; };
  2D4D9D38B66FAD870CF1368B = { isa = XCSwiftPackageProductDependency; package = A18855F53676282E67783320; productName = ChatGPTUI; };
  DDE7358ED73CB1727DED16B3 = { isa = XCSwiftPackageProductDependency; package = 51F152B3E85FEC19801B445B; productName = Markdown; };
  8D7D420EF09925BC29F68565 = { isa = PBXBuildFile; productRef = 2D4D9D38B66FAD870CF1368B; };
  A1F38C8557535B5EF6F56226 = { isa = PBXBuildFile; productRef = DDE7358ED73CB1727DED16B3; };
  949D493B91791558E87BC5D7 = { isa = PBXSourcesBuildPhase; buildActionMask = 2147483647; files = (D111B4707C576CFB387C319E, 6048BCDC9EF87A319A2154CA, 6320AD15A5250D90B5E5A50E, 18D6AAF4C047C7C2386CDB02, D6906E8C10F89B7A729156C4, 9911F224B9C2874523FC8939, 1B8F67EF48BC13D5D18D4F37, 8C4B3502BB96C54499F5516E, D70EE15D17CAE5BF2B93110D, B03C05DEC14C3210AFED1EF3, 937935D12F6EF4B5E0FC656C, 490894AB8D1A58ABBB1235FB, 0148B68A6B643701DEDFA8EC, 136948AF73C7AD911FC9BF65, 1F0928B3F83A985B17F10953, CAE9E0FA4F73C169E22C8EAC, 76173BD1A15F544900AB249B, 3324357E090CAE63D8378BB1,); runOnlyForDeploymentPostprocessing = 0; };
  BD92572B49AC16A86614498D = { isa = PBXFrameworksBuildPhase; buildActionMask = 2147483647; files = (8D7D420EF09925BC29F68565, A1F38C8557535B5EF6F56226,); runOnlyForDeploymentPostprocessing = 0; };
  8ECC8B5D05B79F879ACDF1A2 = { isa = PBXResourcesBuildPhase; buildActionMask = 2147483647; files = (D9151531035F83F2BF42BD4B, 75BF848FE1C5CB159DA71471, 61ACEFFEF059121747EEC3A0,); runOnlyForDeploymentPostprocessing = 0; };
  77A03FEE20FE96AD9384861E = { isa = PBXSourcesBuildPhase; buildActionMask = 2147483647; files = (01EE3D4EC9439DB609EBB8AC,); runOnlyForDeploymentPostprocessing = 0; };
  E05DB79C430AA1B0BA487AFC = { isa = PBXFrameworksBuildPhase; buildActionMask = 2147483647; files = (); runOnlyForDeploymentPostprocessing = 0; };
  ED8772ADEC3A6C25161BC957 = { isa = XCBuildConfiguration; buildSettings = { SDKROOT = "iphoneos"; IPHONEOS_DEPLOYMENT_TARGET = "17.0"; SWIFT_VERSION = "5.0"; CLANG_ENABLE_MODULES = "YES"; CLANG_ENABLE_OBJC_ARC = "YES"; SWIFT_STRICT_CONCURRENCY = "targeted"; SWIFT_OPTIMIZATION_LEVEL = "-Onone"; DEBUG_INFORMATION_FORMAT = "dwarf"; ENABLE_TESTABILITY = "YES"; SWIFT_ACTIVE_COMPILATION_CONDITIONS = "DEBUG"; }; name = Debug; };
  00F209874A1F7309F6DCEAA7 = { isa = XCBuildConfiguration; buildSettings = { SDKROOT = "iphoneos"; IPHONEOS_DEPLOYMENT_TARGET = "17.0"; SWIFT_VERSION = "5.0"; CLANG_ENABLE_MODULES = "YES"; CLANG_ENABLE_OBJC_ARC = "YES"; SWIFT_STRICT_CONCURRENCY = "targeted"; SWIFT_OPTIMIZATION_LEVEL = "-O"; DEBUG_INFORMATION_FORMAT = "dwarf-with-dsym"; }; name = Release; };
  8A6191BCE6A2EA4F3EAC172C = { isa = XCConfigurationList; buildConfigurations = (ED8772ADEC3A6C25161BC957, 00F209874A1F7309F6DCEAA7,); defaultConfigurationIsVisible = 0; defaultConfigurationName = Release; };
  F8975E934DA2067E0E497395 = { isa = XCBuildConfiguration; buildSettings = { PRODUCT_NAME = "$(TARGET_NAME)"; PRODUCT_BUNDLE_IDENTIFIER = "app.chatnative.ios"; INFOPLIST_FILE = "ChatNative/Resources/Info.plist"; GENERATE_INFOPLIST_FILE = "NO"; CODE_SIGN_STYLE = "Automatic"; TARGETED_DEVICE_FAMILY = "1,2"; SUPPORTED_PLATFORMS = "iphoneos iphonesimulator"; MARKETING_VERSION = "1.1.0"; CURRENT_PROJECT_VERSION = "2"; ASSETCATALOG_COMPILER_APPICON_NAME = "AppIcon"; ASSETCATALOG_COMPILER_GLOBAL_ACCENT_COLOR_NAME = "AccentColor"; LD_RUNPATH_SEARCH_PATHS = "$(inherited) @executable_path/Frameworks"; SUPPORTS_MACCATALYST = "NO"; SWIFT_OPTIMIZATION_LEVEL = "-Onone"; DEBUG_INFORMATION_FORMAT = "dwarf"; ENABLE_TESTABILITY = "YES"; SWIFT_ACTIVE_COMPILATION_CONDITIONS = "DEBUG"; }; name = Debug; };
  F72D4F08E84CA4C7F809A7CF = { isa = XCBuildConfiguration; buildSettings = { PRODUCT_NAME = "$(TARGET_NAME)"; PRODUCT_BUNDLE_IDENTIFIER = "app.chatnative.ios"; INFOPLIST_FILE = "ChatNative/Resources/Info.plist"; GENERATE_INFOPLIST_FILE = "NO"; CODE_SIGN_STYLE = "Automatic"; TARGETED_DEVICE_FAMILY = "1,2"; SUPPORTED_PLATFORMS = "iphoneos iphonesimulator"; MARKETING_VERSION = "1.1.0"; CURRENT_PROJECT_VERSION = "2"; ASSETCATALOG_COMPILER_APPICON_NAME = "AppIcon"; ASSETCATALOG_COMPILER_GLOBAL_ACCENT_COLOR_NAME = "AccentColor"; LD_RUNPATH_SEARCH_PATHS = "$(inherited) @executable_path/Frameworks"; SUPPORTS_MACCATALYST = "NO"; SWIFT_OPTIMIZATION_LEVEL = "-O"; DEBUG_INFORMATION_FORMAT = "dwarf-with-dsym"; }; name = Release; };
  611B2C6B41F877087E7C4203 = { isa = XCConfigurationList; buildConfigurations = (F8975E934DA2067E0E497395, F72D4F08E84CA4C7F809A7CF,); defaultConfigurationIsVisible = 0; defaultConfigurationName = Release; };
  C449802CFC00FE43A29E0F19 = { isa = XCBuildConfiguration; buildSettings = { PRODUCT_NAME = "$(TARGET_NAME)"; PRODUCT_BUNDLE_IDENTIFIER = "app.chatnative.ios.tests"; GENERATE_INFOPLIST_FILE = "YES"; CODE_SIGN_STYLE = "Automatic"; TARGETED_DEVICE_FAMILY = "1,2"; SUPPORTED_PLATFORMS = "iphoneos iphonesimulator"; TEST_HOST = "$(BUILT_PRODUCTS_DIR)/ChatNative.app/$(BUNDLE_EXECUTABLE_FOLDER_PATH)/ChatNative"; BUNDLE_LOADER = "$(TEST_HOST)"; LD_RUNPATH_SEARCH_PATHS = "$(inherited) @executable_path/Frameworks @loader_path/Frameworks"; SWIFT_OPTIMIZATION_LEVEL = "-Onone"; DEBUG_INFORMATION_FORMAT = "dwarf"; ENABLE_TESTABILITY = "YES"; SWIFT_ACTIVE_COMPILATION_CONDITIONS = "DEBUG"; }; name = Debug; };
  C4D458CFDB61996E24F4F16F = { isa = XCBuildConfiguration; buildSettings = { PRODUCT_NAME = "$(TARGET_NAME)"; PRODUCT_BUNDLE_IDENTIFIER = "app.chatnative.ios.tests"; GENERATE_INFOPLIST_FILE = "YES"; CODE_SIGN_STYLE = "Automatic"; TARGETED_DEVICE_FAMILY = "1,2"; SUPPORTED_PLATFORMS = "iphoneos iphonesimulator"; TEST_HOST = "$(BUILT_PRODUCTS_DIR)/ChatNative.app/$(BUNDLE_EXECUTABLE_FOLDER_PATH)/ChatNative"; BUNDLE_LOADER = "$(TEST_HOST)"; LD_RUNPATH_SEARCH_PATHS = "$(inherited) @executable_path/Frameworks @loader_path/Frameworks"; SWIFT_OPTIMIZATION_LEVEL = "-O"; DEBUG_INFORMATION_FORMAT = "dwarf-with-dsym"; }; name = Release; };
  12B554533062C523A5878528 = { isa = XCConfigurationList; buildConfigurations = (C449802CFC00FE43A29E0F19, C4D458CFDB61996E24F4F16F,); defaultConfigurationIsVisible = 0; defaultConfigurationName = Release; };
  F75109BEB4DD8800DA6B45F8 = { isa = PBXNativeTarget; buildConfigurationList = 611B2C6B41F877087E7C4203; buildPhases = (949D493B91791558E87BC5D7, BD92572B49AC16A86614498D, 8ECC8B5D05B79F879ACDF1A2,); buildRules = (); dependencies = (); packageProductDependencies = (2D4D9D38B66FAD870CF1368B, DDE7358ED73CB1727DED16B3,); name = ChatNative; productName = ChatNative; productReference = 4E783A9E10D2A8ABA38CD11C; productType = "com.apple.product-type.application"; };
  D799BAE6088A90139B415FCC = { isa = PBXContainerItemProxy; containerPortal = 98F54143AB4E86B28C3AFEE0; proxyType = 1; remoteGlobalIDString = F75109BEB4DD8800DA6B45F8; remoteInfo = ChatNative; };
  DE58E2B17C19600779694943 = { isa = PBXTargetDependency; target = F75109BEB4DD8800DA6B45F8; targetProxy = D799BAE6088A90139B415FCC; };
  C062A5A4A7F4F37DD90F54CB = { isa = PBXNativeTarget; buildConfigurationList = 12B554533062C523A5878528; buildPhases = (77A03FEE20FE96AD9384861E, E05DB79C430AA1B0BA487AFC,); buildRules = (); dependencies = (DE58E2B17C19600779694943,); name = ChatNativeTests; productName = ChatNativeTests; productReference = 6C7CCDEB3609F1FAA874E941; productType = "com.apple.product-type.bundle.unit-test"; };
  98F54143AB4E86B28C3AFEE0 = { isa = PBXProject; attributes = { BuildIndependentTargetsInParallel = YES; LastSwiftUpdateCheck = 1600; LastUpgradeCheck = 1600; TargetAttributes = { F75109BEB4DD8800DA6B45F8 = { CreatedOnToolsVersion = 16.0; }; C062A5A4A7F4F37DD90F54CB = { CreatedOnToolsVersion = 16.0; TestTargetID = F75109BEB4DD8800DA6B45F8; }; }; }; buildConfigurationList = 8A6191BCE6A2EA4F3EAC172C; compatibilityVersion = "Xcode 14.0"; developmentRegion = zh-Hans; hasScannedForEncodings = 0; knownRegions = (en, "zh-Hans", Base); mainGroup = B28B7AF69320201D1CF206EB; productRefGroup = FBDC4F23F93125BBEEAE800C; projectDirPath = ""; projectRoot = ""; packageReferences = (A18855F53676282E67783320, 51F152B3E85FEC19801B445B,); targets = (F75109BEB4DD8800DA6B45F8, C062A5A4A7F4F37DD90F54CB,); };
 };
 rootObject = 98F54143AB4E86B28C3AFEE0;
}
